
Microsoft Visual Studio Solution File, Format Version 12.00
# Visual Studio Version 17
VisualStudioVersion = 17.8.34408.163
MinimumVisualStudioVersion = 10.0.40219.1
Project("{FAE04EC0-301F-11D3-BF4B-00C04F79EFBC}") = "modul4_1302220048", "modul4_1302220048\modul4_1302220048.csproj", "{4B93A6A2-C457-45B5-B72A-872A5F5EF3ED}"
EndProject
Global
	GlobalSection(SolutionConfigurationPlatforms) = preSolution
		Debug|Any CPU = Debug|Any CPU
		Release|Any CPU = Release|Any CPU
	EndGlobalSection
	GlobalSection(ProjectConfigurationPlatforms) = postSolution
		{4B93A6A2-C457-45B5-B72A-872A5F5EF3ED}.Debug|Any CPU.ActiveCfg = Debug|Any CPU
		{4B93A6A2-C457-45B5-B72A-872A5F5EF3ED}.Debug|Any CPU.Build.0 = Debug|Any CPU
		{4B93A6A2-C457-45B5-B72A-872A5F5EF3ED}.Release|Any CPU.ActiveCfg = Release|Any CPU
		{4B93A6A2-C457-45B5-B72A-872A5F5EF3ED}.Release|Any CPU.Build.0 = Release|Any CPU
	EndGlobalSection
	GlobalSection(SolutionProperties) = preSolution
		HideSolutionNode = FALSE
	EndGlobalSection
	GlobalSection(ExtensibilityGlobals) = postSolution
		SolutionGuid = {FC3FE757-ACF0-49DC-9ADD-5EADD9C814D2}
	EndGlobalSection
EndGlobal
